
Microsoft Visual Studio Solution File, Format Version 12.00
# Visual Studio Version 17
VisualStudioVersion = 17.11.34929.205
MinimumVisualStudioVersion = 10.0.40219.1
Project("{8BC9CEB8-8B4A-11D0-8D11-00A0C91BC942}") = "MemoryManager", "MemoryManager\MemoryManager.vcxproj", "{04D3AAA8-892B-499E-BD66-644ACC0F4B77}"
EndProject
Global
	GlobalSection(SolutionConfigurationPlatforms) = preSolution
		Debug|x64 = Debug|x64
		Debug|x86 = Debug|x86
		Release|x64 = Release|x64
		Release|x86 = Release|x86
	EndGlobalSection
	GlobalSection(ProjectConfigurationPlatforms) = postSolution
		{04D3AAA8-892B-499E-BD66-644ACC0F4B77}.Debug|x64.ActiveCfg = Debug|x64
		{04D3AAA8-892B-499E-BD66-644ACC0F4B77}.Debug|x64.Build.0 = Debug|x64
		{04D3AAA8-892B-499E-BD66-644ACC0F4B77}.Debug|x86.ActiveCfg = Debug|Win32
		{04D3AAA8-892B-499E-BD66-644ACC0F4B77}.Debug|x86.Build.0 = Debug|Win32
		{04D3AAA8-892B-499E-BD66-644ACC0F4B77}.Release|x64.ActiveCfg = Release|x64
		{04D3AAA8-892B-499E-BD66-644ACC0F4B77}.Release|x64.Build.0 = Release|x64
		{04D3AAA8-892B-499E-BD66-644ACC0F4B77}.Release|x86.ActiveCfg = Release|Win32
		{04D3AAA8-892B-499E-BD66-644ACC0F4B77}.Release|x86.Build.0 = Release|Win32
	EndGlobalSection
	GlobalSection(SolutionProperties) = preSolution
		HideSolutionNode = FALSE
	EndGlobalSection
	GlobalSection(ExtensibilityGlobals) = postSolution
		SolutionGuid = {C0E7BE6B-90C1-457A-9D5E-53834B29D4C8}
	EndGlobalSection
EndGlobal
